// !$*UTF8*$!
{
	archiveVersion = 1;
	classes = {
	};
	objectVersion = 77;
	objects = {

/* Begin PBXBuildFile section */
		626A0E892D7E6D9800E7C56C /* Kingfisher in Frameworks */ = {isa = PBXBuildFile; productRef = 626A0E882D7E6D9800E7C56C /* Kingfisher */; };
		626A0E8C2D7E6E1D00E7C56C /* RealmSwift in Frameworks */ = {isa = PBXBuildFile; productRef = 626A0E8B2D7E6E1D00E7C56C /* RealmSwift */; };
		626A0E8F2D7E6E7200E7C56C /* SwipeCellKit in Frameworks */ = {isa = PBXBuildFile; productRef = 626A0E8E2D7E6E7200E7C56C /* SwipeCellKit */; };
/* End PBXBuildFile section */

/* Begin PBXContainerItemProxy section */
		626A0DB02D7118FD00E7C56C /* PBXContainerItemProxy */ = {
			isa = PBXContainerItemProxy;
			containerPortal = 626A0D912D7118FC00E7C56C /* Project object */;
			proxyType = 1;
			remoteGlobalIDString = 626A0D982D7118FC00E7C56C;
			remoteInfo = MovieHub;
		};
		626A0DBA2D7118FD00E7C56C /* PBXContainerItemProxy */ = {
			isa = PBXContainerItemProxy;
			containerPortal = 626A0D912D7118FC00E7C56C /* Project object */;
			proxyType = 1;
			remoteGlobalIDString = 626A0D982D7118FC00E7C56C;
			remoteInfo = MovieHub;
		};
/* End PBXContainerItemProxy section */

/* Begin PBXFileReference section */
		626A0D992D7118FC00E7C56C /* MovieHub.app */ = {isa = PBXFileReference; explicitFileType = wrapper.application; includeInIndex = 0; path = MovieHub.app; sourceTree = BUILT_PRODUCTS_DIR; };
		626A0DAF2D7118FD00E7C56C /* MovieHubTests.xctest */ = {isa = PBXFileReference; explicitFileType = wrapper.cfbundle; includeInIndex = 0; path = MovieHubTests.xctest; sourceTree = BUILT_PRODUCTS_DIR; };
		626A0DB92D7118FD00E7C56C /* MovieHubUITests.xctest */ = {isa = PBXFileReference; explicitFileType = wrapper.cfbundle; includeInIndex = 0; path = MovieHubUITests.xctest; sourceTree = BUILT_PRODUCTS_DIR; };
/* End PBXFileReference section */

/* Begin PBXFileSystemSynchronizedBuildFileExceptionSet section */
		626A12872D80F72900E7C56C /* Exceptions for "MovieHub" folder in "MovieHub" target */ = {
			isa = PBXFileSystemSynchronizedBuildFileExceptionSet;
			membershipExceptions = (
				Info.plist,
			);
			target = 626A0D982D7118FC00E7C56C /* MovieHub */;
		};
/* End PBXFileSystemSynchronizedBuildFileExceptionSet section */

/* Begin PBXFileSystemSynchronizedRootGroup section */
		626A0DB22D7118FD00E7C56C /* MovieHubTests */ = {
			isa = PBXFileSystemSynchronizedRootGroup;
			path = MovieHubTests;
			sourceTree = "<group>";
		};
		626A0DBC2D7118FD00E7C56C /* MovieHubUITests */ = {
			isa = PBXFileSystemSynchronizedRootGroup;
			path = MovieHubUITests;
			sourceTree = "<group>";
		};
		626A12422D80F72800E7C56C /* MovieHub */ = {
			isa = PBXFileSystemSynchronizedRootGroup;
			exceptions = (
				626A12872D80F72900E7C56C /* Exceptions for "MovieHub" folder in "MovieHub" target */,
			);
			path = MovieHub;
			sourceTree = "<group>";
		};
/* End PBXFileSystemSynchronizedRootGroup section */

/* Begin PBXFrameworksBuildPhase section */
		626A0D962D7118FC00E7C56C /* Frameworks */ = {
			isa = PBXFrameworksBuildPhase;
			buildActionMask = 2147483647;
			files = (
				626A0E8C2D7E6E1D00E7C56C /* RealmSwift in Frameworks */,
				626A0E8F2D7E6E7200E7C56C /* SwipeCellKit in Frameworks */,
				626A0E892D7E6D9800E7C56C /* Kingfisher in Frameworks */,
			);
			runOnlyForDeploymentPostprocessing = 0;
		};
		626A0DAC2D7118FD00E7C56C /* Frameworks */ = {
			isa = PBXFrameworksBuildPhase;
			buildActionMask = 2147483647;
			files = (
			);
			runOnlyForDeploymentPostprocessing = 0;
		};
		626A0DB62D7118FD00E7C56C /* Frameworks */ = {
			isa = PBXFrameworksBuildPhase;
			buildActionMask = 2147483647;
			files = (
			);
			runOnlyForDeploymentPostprocessing = 0;
		};
/* End PBXFrameworksBuildPhase section */

/* Begin PBXGroup section */
		626A0D902D7118FC00E7C56C = {
			isa = PBXGroup;
			children = (
				626A12422D80F72800E7C56C /* MovieHub */,
				626A0DB22D7118FD00E7C56C /* MovieHubTests */,
				626A0DBC2D7118FD00E7C56C /* MovieHubUITests */,
				626A0D9A2D7118FC00E7C56C /* Products */,
			);
			sourceTree = "<group>";
		};
		626A0D9A2D7118FC00E7C56C /* Products */ = {
			isa = PBXGroup;
			children = (
				626A0D992D7118FC00E7C56C /* MovieHub.app */,
				626A0DAF2D7118FD00E7C56C /* MovieHubTests.xctest */,
				626A0DB92D7118FD00E7C56C /* MovieHubUITests.xctest */,
			);
			name = Products;
			sourceTree = "<group>";
		};
/* End PBXGroup section */

/* Begin PBXNativeTarget section */
		626A0D982D7118FC00E7C56C /* MovieHub */ = {
			isa = PBXNativeTarget;
			buildConfigurationList = 626A0DC22D7118FD00E7C56C /* Build configuration list for PBXNativeTarget "MovieHub" */;
			buildPhases = (
				626A0D952D7118FC00E7C56C /* Sources */,
				626A0D962D7118FC00E7C56C /* Frameworks */,
				626A0D972D7118FC00E7C56C /* Resources */,
			);
			buildRules = (
			);
			dependencies = (
			);
			fileSystemSynchronizedGroups = (
				626A12422D80F72800E7C56C /* MovieHub */,
			);
			name = MovieHub;
			packageProductDependencies = (
				626A0E882D7E6D9800E7C56C /* Kingfisher */,
				626A0E8B2D7E6E1D00E7C56C /* RealmSwift */,
				626A0E8E2D7E6E7200E7C56C /* SwipeCellKit */,
			);
			productName = MovieHub;
			productReference = 626A0D992D7118FC00E7C56C /* MovieHub.app */;
			productType = "com.apple.product-type.application";
		};
		626A0DAE2D7118FD00E7C56C /* MovieHubTests */ = {
			isa = PBXNativeTarget;
			buildConfigurationList = 626A0DC72D7118FD00E7C56C /* Build configuration list for PBXNativeTarget "MovieHubTests" */;
			buildPhases = (
				626A0DAB2D7118FD00E7C56C /* Sources */,
				626A0DAC2D7118FD00E7C56C /* Frameworks */,
				626A0DAD2D7118FD00E7C56C /* Resources */,
			);
			buildRules = (
			);
			dependencies = (
				626A0DB12D7118FD00E7C56C /* PBXTargetDependency */,
			);
			fileSystemSynchronizedGroups = (
				626A0DB22D7118FD00E7C56C /* MovieHubTests */,
			);
			name = MovieHubTests;
			packageProductDependencies = (
			);
			productName = MovieHubTests;
			productReference = 626A0DAF2D7118FD00E7C56C /* MovieHubTests.xctest */;
			productType = "com.apple.product-type.bundle.unit-test";
		};
		626A0DB82D7118FD00E7C56C /* MovieHubUITests */ = {
			isa = PBXNativeTarget;
			buildConfigurationList = 626A0DCA2D7118FD00E7C56C /* Build configuration list for PBXNativeTarget "MovieHubUITests" */;
			buildPhases = (
				626A0DB52D7118FD00E7C56C /* Sources */,
				626A0DB62D7118FD00E7C56C /* Frameworks */,
				626A0DB72D7118FD00E7C56C /* Resources */,
			);
			buildRules = (
			);
			dependencies = (
				626A0DBB2D7118FD00E7C56C /* PBXTargetDependency */,
			);
			fileSystemSynchronizedGroups = (
				626A0DBC2D7118FD00E7C56C /* MovieHubUITests */,
			);
			name = MovieHubUITests;
			packageProductDependencies = (
			);
			productName = MovieHubUITests;
			productReference = 626A0DB92D7118FD00E7C56C /* MovieHubUITests.xctest */;
			productType = "com.apple.product-type.bundle.ui-testing";
		};
/* End PBXNativeTarget section */

/* Begin PBXProject section */
		626A0D912D7118FC00E7C56C /* Project object */ = {
			isa = PBXProject;
			attributes = {
				BuildIndependentTargetsInParallel = 1;
				LastSwiftUpdateCheck = 1620;
				LastUpgradeCheck = 1620;
				TargetAttributes = {
					626A0D982D7118FC00E7C56C = {
						CreatedOnToolsVersion = 16.2;
					};
					626A0DAE2D7118FD00E7C56C = {
						CreatedOnToolsVersion = 16.2;
						TestTargetID = 626A0D982D7118FC00E7C56C;
					};
					626A0DB82D7118FD00E7C56C = {
						CreatedOnToolsVersion = 16.2;
						TestTargetID = 626A0D982D7118FC00E7C56C;
					};
				};
			};
			buildConfigurationList = 626A0D942D7118FC00E7C56C /* Build configuration list for PBXProject "MovieHub" */;
			developmentRegion = en;
			hasScannedForEncodings = 0;
			knownRegions = (
				en,
				Base,
				tr,
			);
			mainGroup = 626A0D902D7118FC00E7C56C;
			minimizedProjectReferenceProxies = 1;
			packageReferences = (
				626A0E872D7E6D9800E7C56C /* XCRemoteSwiftPackageReference "Kingfisher" */,
				626A0E8A2D7E6E1D00E7C56C /* XCRemoteSwiftPackageReference "realm-swift" */,
				626A0E8D2D7E6E7200E7C56C /* XCRemoteSwiftPackageReference "SwipeCellKit" */,
			);
			preferredProjectObjectVersion = 77;
			productRefGroup = 626A0D9A2D7118FC00E7C56C /* Products */;
			projectDirPath = "";
			projectRoot = "";
			targets = (
				626A0D982D7118FC00E7C56C /* MovieHub */,
				626A0DAE2D7118FD00E7C56C /* MovieHubTests */,
				626A0DB82D7118FD00E7C56C /* MovieHubUITests */,
			);
		};
/* End PBXProject section */

/* Begin PBXResourcesBuildPhase section */
		626A0D972D7118FC00E7C56C /* Resources */ = {
			isa = PBXResourcesBuildPhase;
			buildActionMask = 2147483647;
			files = (
			);
			runOnlyForDeploymentPostprocessing = 0;
		};
		626A0DAD2D7118FD00E7C56C /* Resources */ = {
			isa = PBXResourcesBuildPhase;
			buildActionMask = 2147483647;
			files = (
			);
			runOnlyForDeploymentPostprocessing = 0;
		};
		626A0DB72D7118FD00E7C56C /* Resources */ = {
			isa = PBXResourcesBuildPhase;
			buildActionMask = 2147483647;
			files = (
			);
			runOnlyForDeploymentPostprocessing = 0;
		};
/* End PBXResourcesBuildPhase section */

/* Begin PBXSourcesBuildPhase section */
		626A0D952D7118FC00E7C56C /* Sources */ = {
			isa = PBXSourcesBuildPhase;
			buildActionMask = 2147483647;
			files = (
			);
			runOnlyForDeploymentPostprocessing = 0;
		};
		626A0DAB2D7118FD00E7C56C /* Sources */ = {
			isa = PBXSourcesBuildPhase;
			buildActionMask = 2147483647;
			files = (
			);
			runOnlyForDeploymentPostprocessing = 0;
		};
		626A0DB52D7118FD00E7C56C /* Sources */ = {
			isa = PBXSourcesBuildPhase;
			buildActionMask = 2147483647;
			files = (
			);
			runOnlyForDeploymentPostprocessing = 0;
		};
/* End PBXSourcesBuildPhase section */

/* Begin PBXTargetDependency section */
		626A0DB12D7118FD00E7C56C /* PBXTargetDependency */ = {
			isa = PBXTargetDependency;
			target = 626A0D982D7118FC00E7C56C /* MovieHub */;
			targetProxy = 626A0DB02D7118FD00E7C56C /* PBXContainerItemProxy */;
		};
		626A0DBB2D7118FD00E7C56C /* PBXTargetDependency */ = {
			isa = PBXTargetDependency;
			target = 626A0D982D7118FC00E7C56C /* MovieHub */;
			targetProxy = 626A0DBA2D7118FD00E7C56C /* PBXContainerItemProxy */;
		};
/* End PBXTargetDependency section */

/* Begin XCBuildConfiguration section */
		626A0DC32D7118FD00E7C56C /* Debug */ = {
			isa = XCBuildConfiguration;
			buildSettings = {
				ASSETCATALOG_COMPILER_APPICON_NAME = AppIcon;
				ASSETCATALOG_COMPILER_GLOBAL_ACCENT_COLOR_NAME = AccentColor;
				CODE_SIGN_STYLE = Automatic;
				CURRENT_PROJECT_VERSION = 1;
				GENERATE_INFOPLIST_FILE = YES;
				INFOPLIST_FILE = MovieHub/Info.plist;
				INFOPLIST_KEY_CFBundleDisplayName = MovieHub;
				INFOPLIST_KEY_UIApplicationSupportsIndirectInputEvents = YES;
				INFOPLIST_KEY_UILaunchStoryboardName = LaunchScreen;
				INFOPLIST_KEY_UIMainStoryboardFile = Main;
				INFOPLIST_KEY_UISupportedInterfaceOrientations = UIInterfaceOrientationPortrait;
				LD_RUNPATH_SEARCH_PATHS = (
					"$(inherited)",
					"@executable_path/Frameworks",
				);
				MARKETING_VERSION = 1.0;
				PRODUCT_BUNDLE_IDENTIFIER = gunesyasir.MovieHub;
				PRODUCT_NAME = "$(TARGET_NAME)";
				SUPPORTED_PLATFORMS = "iphoneos iphonesimulator";
				SUPPORTS_MACCATALYST = NO;
				SUPPORTS_MAC_DESIGNED_FOR_IPHONE_IPAD = NO;
				SUPPORTS_XR_DESIGNED_FOR_IPHONE_IPAD = NO;
				SWIFT_EMIT_LOC_STRINGS = YES;
				SWIFT_VERSION = 5.0;
				TARGETED_DEVICE_FAMILY = "1,2";
			};
			name = Debug;
		};
		626A0DC42D7118FD00E7C56C /* Release */ = {
			isa = XCBuildConfiguration;
			buildSettings = {
				ASSETCATALOG_COMPILER_APPICON_NAME = AppIcon;
				ASSETCATALOG_COMPILER_GLOBAL_ACCENT_COLOR_NAME = AccentColor;
				CODE_SIGN_STYLE = Automatic;
				CURRENT_PROJECT_VERSION = 1;
				GENERATE_INFOPLIST_FILE = YES;
				INFOPLIST_FILE = MovieHub/Info.plist;
				INFOPLIST_KEY_CFBundleDisplayName = MovieHub;
				INFOPLIST_KEY_UIApplicationSupportsIndirectInputEvents = YES;
				INFOPLIST_KEY_UILaunchStoryboardName = LaunchScreen;
				INFOPLIST_KEY_UIMainStoryboardFile = Main;
				INFOPLIST_KEY_UISupportedInterfaceOrientations = UIInterfaceOrientationPortrait;
				LD_RUNPATH_SEARCH_PATHS = (
					"$(inherited)",
					"@executable_path/Frameworks",
				);
				MARKETING_VERSION = 1.0;
				PRODUCT_BUNDLE_IDENTIFIER = gunesyasir.MovieHub;
				PRODUCT_NAME = "$(TARGET_NAME)";
				SUPPORTED_PLATFORMS = "iphoneos iphonesimulator";
				SUPPORTS_MACCATALYST = NO;
				SUPPORTS_MAC_DESIGNED_FOR_IPHONE_IPAD = NO;
				SUPPORTS_XR_DESIGNED_FOR_IPHONE_IPAD = NO;
				SWIFT_EMIT_LOC_STRINGS = YES;
				SWIFT_VERSION = 5.0;
				TARGETED_DEVICE_FAMILY = "1,2";
			};
			name = Release;
		};
		626A0DC52D7118FD00E7C56C /* Debug */ = {
			isa = XCBuildConfiguration;
			buildSettings = {
				ALWAYS_SEARCH_USER_PATHS = NO;
				ASSETCATALOG_COMPILER_GENERATE_SWIFT_ASSET_SYMBOL_EXTENSIONS = YES;
				CLANG_ANALYZER_NONNULL = YES;
				CLANG_ANALYZER_NUMBER_OBJECT_CONVERSION = YES_AGGRESSIVE;
				CLANG_CXX_LANGUAGE_STANDARD = "gnu++20";
				CLANG_ENABLE_MODULES = YES;
				CLANG_ENABLE_OBJC_ARC = YES;
				CLANG_ENABLE_OBJC_WEAK = YES;
				CLANG_WARN_BLOCK_CAPTURE_AUTORELEASING = YES;
				CLANG_WARN_BOOL_CONVERSION = YES;
				CLANG_WARN_COMMA = YES;
				CLANG_WARN_CONSTANT_CONVERSION = YES;
				CLANG_WARN_DEPRECATED_OBJC_IMPLEMENTATIONS = YES;
				CLANG_WARN_DIRECT_OBJC_ISA_USAGE = YES_ERROR;
				CLANG_WARN_DOCUMENTATION_COMMENTS = YES;
				CLANG_WARN_EMPTY_BODY = YES;
				CLANG_WARN_ENUM_CONVERSION = YES;
				CLANG_WARN_INFINITE_RECURSION = YES;
				CLANG_WARN_INT_CONVERSION = YES;
				CLANG_WARN_NON_LITERAL_NULL_CONVERSION = YES;
				CLANG_WARN_OBJC_IMPLICIT_RETAIN_SELF = YES;
				CLANG_WARN_OBJC_LITERAL_CONVERSION = YES;
				CLANG_WARN_OBJC_ROOT_CLASS = YES_ERROR;
				CLANG_WARN_QUOTED_INCLUDE_IN_FRAMEWORK_HEADER = YES;
				CLANG_WARN_RANGE_LOOP_ANALYSIS = YES;
				CLANG_WARN_STRICT_PROTOTYPES = YES;
				CLANG_WARN_SUSPICIOUS_MOVE = YES;
				CLANG_WARN_UNGUARDED_AVAILABILITY = YES_AGGRESSIVE;
				CLANG_WARN_UNREACHABLE_CODE = YES;
				CLANG_WARN__DUPLICATE_METHOD_MATCH = YES;
				COPY_PHASE_STRIP = NO;
				DEBUG_INFORMATION_FORMAT = dwarf;
				ENABLE_STRICT_OBJC_MSGSEND = YES;
				ENABLE_TESTABILITY = YES;
				ENABLE_USER_SCRIPT_SANDBOXING = YES;
				GCC_C_LANGUAGE_STANDARD = gnu17;
				GCC_DYNAMIC_NO_PIC = NO;
				GCC_NO_COMMON_BLOCKS = YES;
				GCC_OPTIMIZATION_LEVEL = 0;
				GCC_PREPROCESSOR_DEFINITIONS = (
					"DEBUG=1",
					"$(inherited)",
				);
				GCC_WARN_64_TO_32_BIT_CONVERSION = YES;
				GCC_WARN_ABOUT_RETURN_TYPE = YES_ERROR;
				GCC_WARN_UNDECLARED_SELECTOR = YES;
				GCC_WARN_UNINITIALIZED_AUTOS = YES_AGGRESSIVE;
				GCC_WARN_UNUSED_FUNCTION = YES;
				GCC_WARN_UNUSED_VARIABLE = YES;
				IPHONEOS_DEPLOYMENT_TARGET = 18.2;
				LOCALIZATION_PREFERS_STRING_CATALOGS = YES;
				MTL_ENABLE_DEBUG_INFO = INCLUDE_SOURCE;
				MTL_FAST_MATH = YES;
				ONLY_ACTIVE_ARCH = YES;
				SDKROOT = iphoneos;
				SWIFT_ACTIVE_COMPILATION_CONDITIONS = "DEBUG $(inherited)";
				SWIFT_OPTIMIZATION_LEVEL = "-Onone";
			};
			name = Debug;
		};
		626A0DC62D7118FD00E7C56C /* Release */ = {
			isa = XCBuildConfiguration;
			buildSettings = {
				ALWAYS_SEARCH_USER_PATHS = NO;
				ASSETCATALOG_COMPILER_GENERATE_SWIFT_ASSET_SYMBOL_EXTENSIONS = YES;
				CLANG_ANALYZER_NONNULL = YES;
				CLANG_ANALYZER_NUMBER_OBJECT_CONVERSION = YES_AGGRESSIVE;
				CLANG_CXX_LANGUAGE_STANDARD = "gnu++20";
				CLANG_ENABLE_MODULES = YES;
				CLANG_ENABLE_OBJC_ARC = YES;
				CLANG_ENABLE_OBJC_WEAK = YES;
				CLANG_WARN_BLOCK_CAPTURE_AUTORELEASING = YES;
				CLANG_WARN_BOOL_CONVERSION = YES;
				CLANG_WARN_COMMA = YES;
				CLANG_WARN_CONSTANT_CONVERSION = YES;
				CLANG_WARN_DEPRECATED_OBJC_IMPLEMENTATIONS = YES;
				CLANG_WARN_DIRECT_OBJC_ISA_USAGE = YES_ERROR;
				CLANG_WARN_DOCUMENTATION_COMMENTS = YES;
				CLANG_WARN_EMPTY_BODY = YES;
				CLANG_WARN_ENUM_CONVERSION = YES;
				CLANG_WARN_INFINITE_RECURSION = YES;
				CLANG_WARN_INT_CONVERSION = YES;
				CLANG_WARN_NON_LITERAL_NULL_CONVERSION = YES;
				CLANG_WARN_OBJC_IMPLICIT_RETAIN_SELF = YES;
				CLANG_WARN_OBJC_LITERAL_CONVERSION = YES;
				CLANG_WARN_OBJC_ROOT_CLASS = YES_ERROR;
				CLANG_WARN_QUOTED_INCLUDE_IN_FRAMEWORK_HEADER = YES;
				CLANG_WARN_RANGE_LOOP_ANALYSIS = YES;
				CLANG_WARN_STRICT_PROTOTYPES = YES;
				CLANG_WARN_SUSPICIOUS_MOVE = YES;
				CLANG_WARN_UNGUARDED_AVAILABILITY = YES_AGGRESSIVE;
				CLANG_WARN_UNREACHABLE_CODE = YES;
				CLANG_WARN__DUPLICATE_METHOD_MATCH = YES;
				COPY_PHASE_STRIP = NO;
				DEBUG_INFORMATION_FORMAT = "dwarf-with-dsym";
				ENABLE_NS_ASSERTIONS = NO;
				ENABLE_STRICT_OBJC_MSGSEND = YES;
				ENABLE_USER_SCRIPT_SANDBOXING = YES;
				GCC_C_LANGUAGE_STANDARD = gnu17;
				GCC_NO_COMMON_BLOCKS = YES;
				GCC_WARN_64_TO_32_BIT_CONVERSION = YES;
				GCC_WARN_ABOUT_RETURN_TYPE = YES_ERROR;
				GCC_WARN_UNDECLARED_SELECTOR = YES;
				GCC_WARN_UNINITIALIZED_AUTOS = YES_AGGRESSIVE;
				GCC_WARN_UNUSED_FUNCTION = YES;
				GCC_WARN_UNUSED_VARIABLE = YES;
				IPHONEOS_DEPLOYMENT_TARGET = 18.2;
				LOCALIZATION_PREFERS_STRING_CATALOGS = YES;
				MTL_ENABLE_DEBUG_INFO = NO;
				MTL_FAST_MATH = YES;
				SDKROOT = iphoneos;
				SWIFT_COMPILATION_MODE = wholemodule;
				VALIDATE_PRODUCT = YES;
			};
			name = Release;
		};
		626A0DC82D7118FD00E7C56C /* Debug */ = {
			isa = XCBuildConfiguration;
			buildSettings = {
				BUNDLE_LOADER = "$(TEST_HOST)";
				CODE_SIGN_STYLE = Automatic;
				CURRENT_PROJECT_VERSION = 1;
				GENERATE_INFOPLIST_FILE = YES;
				IPHONEOS_DEPLOYMENT_TARGET = 18.2;
				MARKETING_VERSION = 1.0;
				PRODUCT_BUNDLE_IDENTIFIER = gunesyasir.MovieHubTests;
				PRODUCT_NAME = "$(TARGET_NAME)";
				SWIFT_EMIT_LOC_STRINGS = NO;
				SWIFT_VERSION = 5.0;
				TARGETED_DEVICE_FAMILY = "1,2";
				TEST_HOST = "$(BUILT_PRODUCTS_DIR)/MovieHub.app/$(BUNDLE_EXECUTABLE_FOLDER_PATH)/MovieHub";
			};
			name = Debug;
		};
		626A0DC92D7118FD00E7C56C /* Release */ = {
			isa = XCBuildConfiguration;
			buildSettings = {
				BUNDLE_LOADER = "$(TEST_HOST)";
				CODE_SIGN_STYLE = Automatic;
				CURRENT_PROJECT_VERSION = 1;
				GENERATE_INFOPLIST_FILE = YES;
				IPHONEOS_DEPLOYMENT_TARGET = 18.2;
				MARKETING_VERSION = 1.0;
				PRODUCT_BUNDLE_IDENTIFIER = gunesyasir.MovieHubTests;
				PRODUCT_NAME = "$(TARGET_NAME)";
				SWIFT_EMIT_LOC_STRINGS = NO;
				SWIFT_VERSION = 5.0;
				TARGETED_DEVICE_FAMILY = "1,2";
				TEST_HOST = "$(BUILT_PRODUCTS_DIR)/MovieHub.app/$(BUNDLE_EXECUTABLE_FOLDER_PATH)/MovieHub";
			};
			name = Release;
		};
		626A0DCB2D7118FD00E7C56C /* Debug */ = {
			isa = XCBuildConfiguration;
			buildSettings = {
				CODE_SIGN_STYLE = Automatic;
				CURRENT_PROJECT_VERSION = 1;
				GENERATE_INFOPLIST_FILE = YES;
				MARKETING_VERSION = 1.0;
				PRODUCT_BUNDLE_IDENTIFIER = gunesyasir.MovieHubUITests;
				PRODUCT_NAME = "$(TARGET_NAME)";
				SWIFT_EMIT_LOC_STRINGS = NO;
				SWIFT_VERSION = 5.0;
				TARGETED_DEVICE_FAMILY = "1,2";
				TEST_TARGET_NAME = MovieHub;
			};
			name = Debug;
		};
		626A0DCC2D7118FD00E7C56C /* Release */ = {
			isa = XCBuildConfiguration;
			buildSettings = {
				CODE_SIGN_STYLE = Automatic;
				CURRENT_PROJECT_VERSION = 1;
				GENERATE_INFOPLIST_FILE = YES;
				MARKETING_VERSION = 1.0;
				PRODUCT_BUNDLE_IDENTIFIER = gunesyasir.MovieHubUITests;
				PRODUCT_NAME = "$(TARGET_NAME)";
				SWIFT_EMIT_LOC_STRINGS = NO;
				SWIFT_VERSION = 5.0;
				TARGETED_DEVICE_FAMILY = "1,2";
				TEST_TARGET_NAME = MovieHub;
			};
			name = Release;
		};
/* End XCBuildConfiguration section */

/* Begin XCConfigurationList section */
		626A0D942D7118FC00E7C56C /* Build configuration list for PBXProject "MovieHub" */ = {
			isa = XCConfigurationList;
			buildConfigurations = (
				626A0DC52D7118FD00E7C56C /* Debug */,
				626A0DC62D7118FD00E7C56C /* Release */,
			);
			defaultConfigurationIsVisible = 0;
			defaultConfigurationName = Release;
		};
		626A0DC22D7118FD00E7C56C /* Build configuration list for PBXNativeTarget "MovieHub" */ = {
			isa = XCConfigurationList;
			buildConfigurations = (
				626A0DC32D7118FD00E7C56C /* Debug */,
				626A0DC42D7118FD00E7C56C /* Release */,
			);
			defaultConfigurationIsVisible = 0;
			defaultConfigurationName = Release;
		};
		626A0DC72D7118FD00E7C56C /* Build configuration list for PBXNativeTarget "MovieHubTests" */ = {
			isa = XCConfigurationList;
			buildConfigurations = (
				626A0DC82D7118FD00E7C56C /* Debug */,
				626A0DC92D7118FD00E7C56C /* Release */,
			);
			defaultConfigurationIsVisible = 0;
			defaultConfigurationName = Release;
		};
		626A0DCA2D7118FD00E7C56C /* Build configuration list for PBXNativeTarget "MovieHubUITests" */ = {
			isa = XCConfigurationList;
			buildConfigurations = (
				626A0DCB2D7118FD00E7C56C /* Debug */,
				626A0DCC2D7118FD00E7C56C /* Release */,
			);
			defaultConfigurationIsVisible = 0;
			defaultConfigurationName = Release;
		};
/* End XCConfigurationList section */

/* Begin XCRemoteSwiftPackageReference section */
		626A0E872D7E6D9800E7C56C /* XCRemoteSwiftPackageReference "Kingfisher" */ = {
			isa = XCRemoteSwiftPackageReference;
			repositoryURL = "https://github.com/onevcat/Kingfisher.git";
			requirement = {
				kind = upToNextMajorVersion;
				minimumVersion = 8.0.0;
			};
		};
		626A0E8A2D7E6E1D00E7C56C /* XCRemoteSwiftPackageReference "realm-swift" */ = {
			isa = XCRemoteSwiftPackageReference;
			repositoryURL = "https://github.com/realm/realm-swift.git";
			requirement = {
				kind = upToNextMajorVersion;
				minimumVersion = 10.54.3;
			};
		};
		626A0E8D2D7E6E7200E7C56C /* XCRemoteSwiftPackageReference "SwipeCellKit" */ = {
			isa = XCRemoteSwiftPackageReference;
			repositoryURL = "https://github.com/SwipeCellKit/SwipeCellKit";
			requirement = {
				kind = upToNextMajorVersion;
				minimumVersion = 2.7.1;
			};
		};
/* End XCRemoteSwiftPackageReference section */

/* Begin XCSwiftPackageProductDependency section */
		626A0E882D7E6D9800E7C56C /* Kingfisher */ = {
			isa = XCSwiftPackageProductDependency;
			package = 626A0E872D7E6D9800E7C56C /* XCRemoteSwiftPackageReference "Kingfisher" */;
			productName = Kingfisher;
		};
		626A0E8B2D7E6E1D00E7C56C /* RealmSwift */ = {
			isa = XCSwiftPackageProductDependency;
			package = 626A0E8A2D7E6E1D00E7C56C /* XCRemoteSwiftPackageReference "realm-swift" */;
			productName = RealmSwift;
		};
		626A0E8E2D7E6E7200E7C56C /* SwipeCellKit */ = {
			isa = XCSwiftPackageProductDependency;
			package = 626A0E8D2D7E6E7200E7C56C /* XCRemoteSwiftPackageReference "SwipeCellKit" */;
			productName = SwipeCellKit;
		};
/* End XCSwiftPackageProductDependency section */
	};
	rootObject = 626A0D912D7118FC00E7C56C /* Project object */;
}
